{
  "name": "whiteboard-mini",
  "version": "1.0.0",
  "lockfileVersion": 1,
  "requires": true,
  "dependencies": {
    "@rongcloud/whiteboard": {
      "version": "1.1.0-alpha.6",
      "resolved": "https://registry.npmjs.org/@rongcloud/whiteboard/-/whiteboard-1.1.0-alpha.6.tgz",
      "integrity": "sha512-c3Hjd9G7MzMFAWJwob05utPYQgnDeBnnFFx9MA99itXI7laWxBg35TNL8lhZdq6HpEIy0XXTY1pSCaWWWbOYrA=="
    }
  }
}
